
Microsoft Visual Studio Solution File, Format Version 12.00
# Visual Studio Version 17
VisualStudioVersion = 17.3.32929.385
MinimumVisualStudioVersion = 10.0.40219.1
Project("{FAE04EC0-301F-11D3-BF4B-00C04F79EFBC}") = "05. Godzilla vs. Kong", "05. Godzilla vs. Kong\05. Godzilla vs. Kong.csproj", "{D8390AD1-1938-419E-AA03-37546D00457E}"
EndProject
Global
	GlobalSection(SolutionConfigurationPlatforms) = preSolution
		Debug|Any CPU = Debug|Any CPU
		Release|Any CPU = Release|Any CPU
	EndGlobalSection
	GlobalSection(ProjectConfigurationPlatforms) = postSolution
		{D8390AD1-1938-419E-AA03-37546D00457E}.Debug|Any CPU.ActiveCfg = Debug|Any CPU
		{D8390AD1-1938-419E-AA03-37546D00457E}.Debug|Any CPU.Build.0 = Debug|Any CPU
		{D8390AD1-1938-419E-AA03-37546D00457E}.Release|Any CPU.ActiveCfg = Release|Any CPU
		{D8390AD1-1938-419E-AA03-37546D00457E}.Release|Any CPU.Build.0 = Release|Any CPU
	EndGlobalSection
	GlobalSection(SolutionProperties) = preSolution
		HideSolutionNode = FALSE
	EndGlobalSection
	GlobalSection(ExtensibilityGlobals) = postSolution
		SolutionGuid = {A2313708-4278-4E6E-8ABF-55FE77F7C043}
	EndGlobalSection
EndGlobal
